// !$*UTF8*$!
{
	archiveVersion = 1;
	classes = {
	};
	objectVersion = 56;
	objects = {

/* Begin PBXBuildFile section */
		622706182A20065600402F49 /* share_mountApp.swift in Sources */ = {isa = PBXBuildFile; fileRef = 622706172A20065600402F49 /* share_mountApp.swift */; };
		6227061A2A20065600402F49 /* ContentView.swift in Sources */ = {isa = PBXBuildFile; fileRef = 622706192A20065600402F49 /* ContentView.swift */; };
		6227061C2A20065700402F49 /* Assets.xcassets in Resources */ = {isa = PBXBuildFile; fileRef = 6227061B2A20065700402F49 /* Assets.xcassets */; };
		6227061F2A20065700402F49 /* Preview Assets.xcassets in Resources */ = {isa = PBXBuildFile; fileRef = 6227061E2A20065700402F49 /* Preview Assets.xcassets */; };
		622706272A2009B200402F49 /* statusMenu.swift in Sources */ = {isa = PBXBuildFile; fileRef = 622706262A2009B200402F49 /* statusMenu.swift */; };
		6227062A2A200A0600402F49 /* MountsView.swift in Sources */ = {isa = PBXBuildFile; fileRef = 622706292A200A0600402F49 /* MountsView.swift */; };
		6227062C2A200A2400402F49 /* ts_mount.swift in Sources */ = {isa = PBXBuildFile; fileRef = 6227062B2A200A2400402F49 /* ts_mount.swift */; };
		6227062E2A200C3300402F49 /* LICENSE in Resources */ = {isa = PBXBuildFile; fileRef = 6227062D2A200C3300402F49 /* LICENSE */; };
/* End PBXBuildFile section */

/* Begin PBXFileReference section */
		622706142A20065600402F49 /* share-mount.app */ = {isa = PBXFileReference; explicitFileType = wrapper.application; includeInIndex = 0; path = "share-mount.app"; sourceTree = BUILT_PRODUCTS_DIR; };
		622706172A20065600402F49 /* share_mountApp.swift */ = {isa = PBXFileReference; lastKnownFileType = sourcecode.swift; path = share_mountApp.swift; sourceTree = "<group>"; };
		622706192A20065600402F49 /* ContentView.swift */ = {isa = PBXFileReference; lastKnownFileType = sourcecode.swift; path = ContentView.swift; sourceTree = "<group>"; };
		6227061B2A20065700402F49 /* Assets.xcassets */ = {isa = PBXFileReference; lastKnownFileType = folder.assetcatalog; path = Assets.xcassets; sourceTree = "<group>"; };
		6227061E2A20065700402F49 /* Preview Assets.xcassets */ = {isa = PBXFileReference; lastKnownFileType = folder.assetcatalog; path = "Preview Assets.xcassets"; sourceTree = "<group>"; };
		622706202A20065700402F49 /* share_mount.entitlements */ = {isa = PBXFileReference; lastKnownFileType = text.plist.entitlements; path = share_mount.entitlements; sourceTree = "<group>"; };
		622706262A2009B200402F49 /* statusMenu.swift */ = {isa = PBXFileReference; lastKnownFileType = sourcecode.swift; path = statusMenu.swift; sourceTree = "<group>"; };
		622706292A200A0600402F49 /* MountsView.swift */ = {isa = PBXFileReference; lastKnownFileType = sourcecode.swift; path = MountsView.swift; sourceTree = "<group>"; };
		6227062B2A200A2400402F49 /* ts_mount.swift */ = {isa = PBXFileReference; lastKnownFileType = sourcecode.swift; path = ts_mount.swift; sourceTree = "<group>"; };
		6227062D2A200C3300402F49 /* LICENSE */ = {isa = PBXFileReference; fileEncoding = 4; lastKnownFileType = text; path = LICENSE; sourceTree = "<group>"; };
		6227062F2A200C5F00402F49 /* README.md */ = {isa = PBXFileReference; lastKnownFileType = net.daringfireball.markdown; path = README.md; sourceTree = "<group>"; };
/* End PBXFileReference section */

/* Begin PBXFrameworksBuildPhase section */
		622706112A20065600402F49 /* Frameworks */ = {
			isa = PBXFrameworksBuildPhase;
			buildActionMask = 2147483647;
			files = (
			);
			runOnlyForDeploymentPostprocessing = 0;
		};
/* End PBXFrameworksBuildPhase section */

/* Begin PBXGroup section */
		6227060B2A20065600402F49 = {
			isa = PBXGroup;
			children = (
				6227062F2A200C5F00402F49 /* README.md */,
				6227062D2A200C3300402F49 /* LICENSE */,
				622706162A20065600402F49 /* share-mount */,
				622706152A20065600402F49 /* Products */,
			);
			sourceTree = "<group>";
		};
		622706152A20065600402F49 /* Products */ = {
			isa = PBXGroup;
			children = (
				622706142A20065600402F49 /* share-mount.app */,
			);
			name = Products;
			sourceTree = "<group>";
		};
		622706162A20065600402F49 /* share-mount */ = {
			isa = PBXGroup;
			children = (
				622706282A2009EF00402F49 /* mounts */,
				622706262A2009B200402F49 /* statusMenu.swift */,
				622706172A20065600402F49 /* share_mountApp.swift */,
				622706192A20065600402F49 /* ContentView.swift */,
				6227061B2A20065700402F49 /* Assets.xcassets */,
				622706202A20065700402F49 /* share_mount.entitlements */,
				6227061D2A20065700402F49 /* Preview Content */,
				6227062B2A200A2400402F49 /* ts_mount.swift */,
			);
			path = "share-mount";
			sourceTree = "<group>";
		};
		6227061D2A20065700402F49 /* Preview Content */ = {
			isa = PBXGroup;
			children = (
				6227061E2A20065700402F49 /* Preview Assets.xcassets */,
			);
			path = "Preview Content";
			sourceTree = "<group>";
		};
		622706282A2009EF00402F49 /* mounts */ = {
			isa = PBXGroup;
			children = (
				622706292A200A0600402F49 /* MountsView.swift */,
			);
			path = mounts;
			sourceTree = "<group>";
		};
/* End PBXGroup section */

/* Begin PBXNativeTarget section */
		622706132A20065600402F49 /* share-mount */ = {
			isa = PBXNativeTarget;
			buildConfigurationList = 622706232A20065700402F49 /* Build configuration list for PBXNativeTarget "share-mount" */;
			buildPhases = (
				622706102A20065600402F49 /* Sources */,
				622706112A20065600402F49 /* Frameworks */,
				622706122A20065600402F49 /* Resources */,
			);
			buildRules = (
			);
			dependencies = (
			);
			name = "share-mount";
			productName = "share-mount";
			productReference = 622706142A20065600402F49 /* share-mount.app */;
			productType = "com.apple.product-type.application";
		};
/* End PBXNativeTarget section */

/* Begin PBXProject section */
		6227060C2A20065600402F49 /* Project object */ = {
			isa = PBXProject;
			attributes = {
				BuildIndependentTargetsInParallel = 1;
				LastSwiftUpdateCheck = 1430;
				LastUpgradeCheck = 1430;
				TargetAttributes = {
					622706132A20065600402F49 = {
						CreatedOnToolsVersion = 14.3;
					};
				};
			};
			buildConfigurationList = 6227060F2A20065600402F49 /* Build configuration list for PBXProject "share-mount" */;
			compatibilityVersion = "Xcode 14.0";
			developmentRegion = en;
			hasScannedForEncodings = 0;
			knownRegions = (
				en,
				Base,
			);
			mainGroup = 6227060B2A20065600402F49;
			productRefGroup = 622706152A20065600402F49 /* Products */;
			projectDirPath = "";
			projectRoot = "";
			targets = (
				622706132A20065600402F49 /* share-mount */,
			);
		};
/* End PBXProject section */

/* Begin PBXResourcesBuildPhase section */
		622706122A20065600402F49 /* Resources */ = {
			isa = PBXResourcesBuildPhase;
			buildActionMask = 2147483647;
			files = (
				6227062E2A200C3300402F49 /* LICENSE in Resources */,
				6227061F2A20065700402F49 /* Preview Assets.xcassets in Resources */,
				6227061C2A20065700402F49 /* Assets.xcassets in Resources */,
			);
			runOnlyForDeploymentPostprocessing = 0;
		};
/* End PBXResourcesBuildPhase section */

/* Begin PBXSourcesBuildPhase section */
		622706102A20065600402F49 /* Sources */ = {
			isa = PBXSourcesBuildPhase;
			buildActionMask = 2147483647;
			files = (
				6227062A2A200A0600402F49 /* MountsView.swift in Sources */,
				622706272A2009B200402F49 /* statusMenu.swift in Sources */,
				6227062C2A200A2400402F49 /* ts_mount.swift in Sources */,
				6227061A2A20065600402F49 /* ContentView.swift in Sources */,
				622706182A20065600402F49 /* share_mountApp.swift in Sources */,
			);
			runOnlyForDeploymentPostprocessing = 0;
		};
/* End PBXSourcesBuildPhase section */

/* Begin XCBuildConfiguration section */
		622706212A20065700402F49 /* Debug */ = {
			isa = XCBuildConfiguration;
			buildSettings = {
				ALWAYS_SEARCH_USER_PATHS = NO;
				CLANG_ANALYZER_NONNULL = YES;
				CLANG_ANALYZER_NUMBER_OBJECT_CONVERSION = YES_AGGRESSIVE;
				CLANG_CXX_LANGUAGE_STANDARD = "gnu++20";
				CLANG_ENABLE_MODULES = YES;
				CLANG_ENABLE_OBJC_ARC = YES;
				CLANG_ENABLE_OBJC_WEAK = YES;
				CLANG_WARN_BLOCK_CAPTURE_AUTORELEASING = YES;
				CLANG_WARN_BOOL_CONVERSION = YES;
				CLANG_WARN_COMMA = YES;
				CLANG_WARN_CONSTANT_CONVERSION = YES;
				CLANG_WARN_DEPRECATED_OBJC_IMPLEMENTATIONS = YES;
				CLANG_WARN_DIRECT_OBJC_ISA_USAGE = YES_ERROR;
				CLANG_WARN_DOCUMENTATION_COMMENTS = YES;
				CLANG_WARN_EMPTY_BODY = YES;
				CLANG_WARN_ENUM_CONVERSION = YES;
				CLANG_WARN_INFINITE_RECURSION = YES;
				CLANG_WARN_INT_CONVERSION = YES;
				CLANG_WARN_NON_LITERAL_NULL_CONVERSION = YES;
				CLANG_WARN_OBJC_IMPLICIT_RETAIN_SELF = YES;
				CLANG_WARN_OBJC_LITERAL_CONVERSION = YES;
				CLANG_WARN_OBJC_ROOT_CLASS = YES_ERROR;
				CLANG_WARN_QUOTED_INCLUDE_IN_FRAMEWORK_HEADER = YES;
				CLANG_WARN_RANGE_LOOP_ANALYSIS = YES;
				CLANG_WARN_STRICT_PROTOTYPES = YES;
				CLANG_WARN_SUSPICIOUS_MOVE = YES;
				CLANG_WARN_UNGUARDED_AVAILABILITY = YES_AGGRESSIVE;
				CLANG_WARN_UNREACHABLE_CODE = YES;
				CLANG_WARN__DUPLICATE_METHOD_MATCH = YES;
				COPY_PHASE_STRIP = NO;
				DEBUG_INFORMATION_FORMAT = dwarf;
				ENABLE_STRICT_OBJC_MSGSEND = YES;
				ENABLE_TESTABILITY = YES;
				GCC_C_LANGUAGE_STANDARD = gnu11;
				GCC_DYNAMIC_NO_PIC = NO;
				GCC_NO_COMMON_BLOCKS = YES;
				GCC_OPTIMIZATION_LEVEL = 0;
				GCC_PREPROCESSOR_DEFINITIONS = (
					"DEBUG=1",
					"$(inherited)",
				);
				GCC_WARN_64_TO_32_BIT_CONVERSION = YES;
				GCC_WARN_ABOUT_RETURN_TYPE = YES_ERROR;
				GCC_WARN_UNDECLARED_SELECTOR = YES;
				GCC_WARN_UNINITIALIZED_AUTOS = YES_AGGRESSIVE;
				GCC_WARN_UNUSED_FUNCTION = YES;
				GCC_WARN_UNUSED_VARIABLE = YES;
				MACOSX_DEPLOYMENT_TARGET = 13.2;
				MTL_ENABLE_DEBUG_INFO = INCLUDE_SOURCE;
				MTL_FAST_MATH = YES;
				ONLY_ACTIVE_ARCH = YES;
				SDKROOT = macosx;
				SWIFT_ACTIVE_COMPILATION_CONDITIONS = DEBUG;
				SWIFT_OPTIMIZATION_LEVEL = "-Onone";
			};
			name = Debug;
		};
		622706222A20065700402F49 /* Release */ = {
			isa = XCBuildConfiguration;
			buildSettings = {
				ALWAYS_SEARCH_USER_PATHS = NO;
				CLANG_ANALYZER_NONNULL = YES;
				CLANG_ANALYZER_NUMBER_OBJECT_CONVERSION = YES_AGGRESSIVE;
				CLANG_CXX_LANGUAGE_STANDARD = "gnu++20";
				CLANG_ENABLE_MODULES = YES;
				CLANG_ENABLE_OBJC_ARC = YES;
				CLANG_ENABLE_OBJC_WEAK = YES;
				CLANG_WARN_BLOCK_CAPTURE_AUTORELEASING = YES;
				CLANG_WARN_BOOL_CONVERSION = YES;
				CLANG_WARN_COMMA = YES;
				CLANG_WARN_CONSTANT_CONVERSION = YES;
				CLANG_WARN_DEPRECATED_OBJC_IMPLEMENTATIONS = YES;
				CLANG_WARN_DIRECT_OBJC_ISA_USAGE = YES_ERROR;
				CLANG_WARN_DOCUMENTATION_COMMENTS = YES;
				CLANG_WARN_EMPTY_BODY = YES;
				CLANG_WARN_ENUM_CONVERSION = YES;
				CLANG_WARN_INFINITE_RECURSION = YES;
				CLANG_WARN_INT_CONVERSION = YES;
				CLANG_WARN_NON_LITERAL_NULL_CONVERSION = YES;
				CLANG_WARN_OBJC_IMPLICIT_RETAIN_SELF = YES;
				CLANG_WARN_OBJC_LITERAL_CONVERSION = YES;
				CLANG_WARN_OBJC_ROOT_CLASS = YES_ERROR;
				CLANG_WARN_QUOTED_INCLUDE_IN_FRAMEWORK_HEADER = YES;
				CLANG_WARN_RANGE_LOOP_ANALYSIS = YES;
				CLANG_WARN_STRICT_PROTOTYPES = YES;
				CLANG_WARN_SUSPICIOUS_MOVE = YES;
				CLANG_WARN_UNGUARDED_AVAILABILITY = YES_AGGRESSIVE;
				CLANG_WARN_UNREACHABLE_CODE = YES;
				CLANG_WARN__DUPLICATE_METHOD_MATCH = YES;
				COPY_PHASE_STRIP = NO;
				DEBUG_INFORMATION_FORMAT = "dwarf-with-dsym";
				ENABLE_NS_ASSERTIONS = NO;
				ENABLE_STRICT_OBJC_MSGSEND = YES;
				GCC_C_LANGUAGE_STANDARD = gnu11;
				GCC_NO_COMMON_BLOCKS = YES;
				GCC_WARN_64_TO_32_BIT_CONVERSION = YES;
				GCC_WARN_ABOUT_RETURN_TYPE = YES_ERROR;
				GCC_WARN_UNDECLARED_SELECTOR = YES;
				GCC_WARN_UNINITIALIZED_AUTOS = YES_AGGRESSIVE;
				GCC_WARN_UNUSED_FUNCTION = YES;
				GCC_WARN_UNUSED_VARIABLE = YES;
				MACOSX_DEPLOYMENT_TARGET = 13.2;
				MTL_ENABLE_DEBUG_INFO = NO;
				MTL_FAST_MATH = YES;
				SDKROOT = macosx;
				SWIFT_COMPILATION_MODE = wholemodule;
				SWIFT_OPTIMIZATION_LEVEL = "-O";
			};
			name = Release;
		};
		622706242A20065700402F49 /* Debug */ = {
			isa = XCBuildConfiguration;
			buildSettings = {
				ASSETCATALOG_COMPILER_APPICON_NAME = AppIcon;
				ASSETCATALOG_COMPILER_GLOBAL_ACCENT_COLOR_NAME = AccentColor;
				CODE_SIGN_ENTITLEMENTS = "share-mount/share_mount.entitlements";
				CODE_SIGN_STYLE = Automatic;
				COMBINE_HIDPI_IMAGES = YES;
				CURRENT_PROJECT_VERSION = 1;
				DEVELOPMENT_ASSET_PATHS = "\"share-mount/Preview Content\"";
				DEVELOPMENT_TEAM = 535LJ3X468;
				ENABLE_HARDENED_RUNTIME = YES;
				ENABLE_PREVIEWS = YES;
				GENERATE_INFOPLIST_FILE = YES;
				INFOPLIST_KEY_LSUIElement = YES;
				INFOPLIST_KEY_NSHumanReadableCopyright = "";
				LD_RUNPATH_SEARCH_PATHS = (
					"$(inherited)",
					"@executable_path/../Frameworks",
				);
				MARKETING_VERSION = 1.0;
				PRODUCT_BUNDLE_IDENTIFIER = "edu.jpcatholic.share-mount";
				PRODUCT_NAME = "$(TARGET_NAME)";
				SWIFT_EMIT_LOC_STRINGS = YES;
				SWIFT_VERSION = 5.0;
			};
			name = Debug;
		};
		622706252A20065700402F49 /* Release */ = {
			isa = XCBuildConfiguration;
			buildSettings = {
				ASSETCATALOG_COMPILER_APPICON_NAME = AppIcon;
				ASSETCATALOG_COMPILER_GLOBAL_ACCENT_COLOR_NAME = AccentColor;
				CODE_SIGN_ENTITLEMENTS = "share-mount/share_mount.entitlements";
				CODE_SIGN_STYLE = Automatic;
				COMBINE_HIDPI_IMAGES = YES;
				CURRENT_PROJECT_VERSION = 1;
				DEVELOPMENT_ASSET_PATHS = "\"share-mount/Preview Content\"";
				DEVELOPMENT_TEAM = 535LJ3X468;
				ENABLE_HARDENED_RUNTIME = YES;
				ENABLE_PREVIEWS = YES;
				GENERATE_INFOPLIST_FILE = YES;
				INFOPLIST_KEY_LSUIElement = YES;
				INFOPLIST_KEY_NSHumanReadableCopyright = "";
				LD_RUNPATH_SEARCH_PATHS = (
					"$(inherited)",
					"@executable_path/../Frameworks",
				);
				MARKETING_VERSION = 1.0;
				PRODUCT_BUNDLE_IDENTIFIER = "edu.jpcatholic.share-mount";
				PRODUCT_NAME = "$(TARGET_NAME)";
				SWIFT_EMIT_LOC_STRINGS = YES;
				SWIFT_VERSION = 5.0;
			};
			name = Release;
		};
/* End XCBuildConfiguration section */

/* Begin XCConfigurationList section */
		6227060F2A20065600402F49 /* Build configuration list for PBXProject "share-mount" */ = {
			isa = XCConfigurationList;
			buildConfigurations = (
				622706212A20065700402F49 /* Debug */,
				622706222A20065700402F49 /* Release */,
			);
			defaultConfigurationIsVisible = 0;
			defaultConfigurationName = Release;
		};
		622706232A20065700402F49 /* Build configuration list for PBXNativeTarget "share-mount" */ = {
			isa = XCConfigurationList;
			buildConfigurations = (
				622706242A20065700402F49 /* Debug */,
				622706252A20065700402F49 /* Release */,
			);
			defaultConfigurationIsVisible = 0;
			defaultConfigurationName = Release;
		};
/* End XCConfigurationList section */
	};
	rootObject = 6227060C2A20065600402F49 /* Project object */;
}
